{
  "nodes": {
    "HTTP": {
      "flake": false,
      "locked": {
        "lastModified": 1451647621,
        "narHash": "sha256-oHIyw3x0iKBexEo49YeUDV1k74ZtyYKGR2gNJXXRxts=",
        "owner": "phadej",
        "repo": "HTTP",
        "rev": "9bc0996d412fef1787449d841277ef663ad9a915",
        "type": "github"
      },
      "original": {
        "owner": "phadej",
        "repo": "HTTP",
        "type": "github"
      }
    },
    "cabal-32": {
      "flake": false,
      "locked": {
        "lastModified": 1603716527,
        "narHash": "sha256-X0TFfdD4KZpwl0Zr6x+PLxUt/VyKQfX7ylXHdmZIL+w=",
        "owner": "haskell",
        "repo": "cabal",
        "rev": "48bf10787e27364730dd37a42b603cee8d6af7ee",
        "type": "github"
      },
      "original": {
        "owner": "haskell",
        "ref": "3.2",
        "repo": "cabal",
        "type": "github"
      }
    },
    "cabal-34": {
      "flake": false,
      "locked": {
        "lastModified": 1645834128,
        "narHash": "sha256-wG3d+dOt14z8+ydz4SL7pwGfe7SiimxcD/LOuPCV6xM=",
        "owner": "haskell",
        "repo": "cabal",
        "rev": "5ff598c67f53f7c4f48e31d722ba37172230c462",
        "type": "github"
      },
      "original": {
        "owner": "haskell",
        "ref": "3.4",
        "repo": "cabal",
        "type": "github"
      }
    },
    "cabal-36": {
      "flake": false,
      "locked": {
        "lastModified": 1669081697,
        "narHash": "sha256-I5or+V7LZvMxfbYgZATU4awzkicBwwok4mVoje+sGmU=",
        "owner": "haskell",
        "repo": "cabal",
        "rev": "8fd619e33d34924a94e691c5fea2c42f0fc7f144",
        "type": "github"
      },
      "original": {
        "owner": "haskell",
        "ref": "3.6",
        "repo": "cabal",
        "type": "github"
      }
    },
    "cardano-shell": {
      "flake": false,
      "locked": {
        "lastModified": 1608537748,
        "narHash": "sha256-PulY1GfiMgKVnBci3ex4ptk2UNYMXqGjJOxcPy2KYT4=",
        "owner": "input-output-hk",
        "repo": "cardano-shell",
        "rev": "9392c75087cb9a3d453998f4230930dea3a95725",
        "type": "github"
      },
      "original": {
        "owner": "input-output-hk",
        "repo": "cardano-shell",
        "type": "github"
      }
    },
    "crane": {
      "inputs": {
        "nixpkgs": [
          "gluon_language-server",
          "nixpkgs"
        ]
      },
      "locked": {
        "lastModified": 1709610799,
        "narHash": "sha256-5jfLQx0U9hXbi2skYMGodDJkIgffrjIOgMRjZqms2QE=",
        "owner": "ipetkov",
        "repo": "crane",
        "rev": "81c393c776d5379c030607866afef6406ca1be57",
        "type": "github"
      },
      "original": {
        "owner": "ipetkov",
        "repo": "crane",
        "type": "github"
      }
    },
    "crow-translate": {
      "inputs": {
        "fbx2gltf": "fbx2gltf",
        "nixpkgs": "nixpkgs_2",
        "utils": "utils_2"
      },
      "locked": {
        "lastModified": 1751572210,
        "narHash": "sha256-749NvZTAVx0NT2k9d6UBCKOI6xkzHH1wwJ5BTl+lhDE=",
        "ref": "refs/heads/master",
        "rev": "56230f8ffe11a1f84474eb1de5edcfc5df5db1a2",
        "revCount": 12,
        "type": "git",
        "url": "https://invent.kde.org/pillowtrucker/crow-flake"
      },
      "original": {
        "type": "git",
        "url": "https://invent.kde.org/pillowtrucker/crow-flake"
      }
    },
    "emacs-overlay": {
      "inputs": {
        "nixpkgs": "nixpkgs_3",
        "nixpkgs-stable": "nixpkgs-stable"
      },
      "locked": {
        "lastModified": 1752856079,
        "narHash": "sha256-9IJ4jH4uv1SeK47rsfN3guz6slmUbs0/7pN38b2KQQ4=",
        "owner": "nix-community",
        "repo": "emacs-overlay",
        "rev": "614abf799bbc623abdd197cc47222161781dbaf7",
        "type": "github"
      },
      "original": {
        "owner": "nix-community",
        "ref": "master",
        "repo": "emacs-overlay",
        "type": "github"
      }
    },
    "fbx2gltf": {
      "inputs": {
        "nixpkgs": "nixpkgs",
        "utils": "utils"
      },
      "locked": {
        "lastModified": 1721663405,
        "narHash": "sha256-cMW5WvIjIpxPJvHYKskbLtJVfTuYy60D5DjSKEwMqa4=",
        "owner": "pillowtrucker",
        "repo": "FBX2GLTF",
        "rev": "77ef3e67761ad1e4917405853359c231d9c2641b",
        "type": "github"
      },
      "original": {
        "owner": "pillowtrucker",
        "ref": "mine",
        "repo": "FBX2GLTF",
        "type": "github"
      }
    },
    "fenix": {
      "inputs": {
        "nixpkgs": "nixpkgs_4",
        "rust-analyzer-src": "rust-analyzer-src"
      },
      "locked": {
        "lastModified": 1752821162,
        "narHash": "sha256-mwQHDPD8DTQW7LIV7werk1TUVh7Wg/IuYeuTArlEqlo=",
        "owner": "nix-community",
        "repo": "fenix",
        "rev": "934ce7f8a4dbf849f334b8c311be5d5d97a1af69",
        "type": "github"
      },
      "original": {
        "owner": "nix-community",
        "ref": "main",
        "repo": "fenix",
        "type": "github"
      }
    },
    "fenix_2": {
      "inputs": {
        "nixpkgs": [
          "gluon_language-server",
          "nixpkgs"
        ],
        "rust-analyzer-src": "rust-analyzer-src_2"
      },
      "locked": {
        "lastModified": 1709706238,
        "narHash": "sha256-DBYWNdMGX6uWsR5KS9Vdg6vfU0QKIuPZzt2PrXmShwQ=",
        "owner": "nix-community",
        "repo": "fenix",
        "rev": "4dc1af0afeb1c8f50fc552c8109f7b8f603eebc0",
        "type": "github"
      },
      "original": {
        "owner": "nix-community",
        "repo": "fenix",
        "type": "github"
      }
    },
    "flake-compat": {
      "flake": false,
      "locked": {
        "lastModified": 1672831974,
        "narHash": "sha256-z9k3MfslLjWQfnjBtEtJZdq3H7kyi2kQtUThfTgdRk0=",
        "owner": "input-output-hk",
        "repo": "flake-compat",
        "rev": "45f2638735f8cdc40fe302742b79f248d23eb368",
        "type": "github"
      },
      "original": {
        "owner": "input-output-hk",
        "ref": "hkm/gitlab-fix",
        "repo": "flake-compat",
        "type": "github"
      }
    },
    "flake-parts": {
      "inputs": {
        "nixpkgs-lib": "nixpkgs-lib"
      },
      "locked": {
        "lastModified": 1751413152,
        "narHash": "sha256-Tyw1RjYEsp5scoigs1384gIg6e0GoBVjms4aXFfRssQ=",
        "owner": "hercules-ci",
        "repo": "flake-parts",
        "rev": "77826244401ea9de6e3bac47c2db46005e1f30b5",
        "type": "github"
      },
      "original": {
        "owner": "hercules-ci",
        "repo": "flake-parts",
        "type": "github"
      }
    },
    "flake-parts_2": {
      "inputs": {
        "nixpkgs-lib": [
          "nur",
          "nixpkgs"
        ]
      },
      "locked": {
        "lastModified": 1733312601,
        "narHash": "sha256-4pDvzqnegAfRkPwO3wmwBhVi/Sye1mzps0zHWYnP88c=",
        "owner": "hercules-ci",
        "repo": "flake-parts",
        "rev": "205b12d8b7cd4802fbcb8e8ef6a0f1408781a4f9",
        "type": "github"
      },
      "original": {
        "owner": "hercules-ci",
        "repo": "flake-parts",
        "type": "github"
      }
    },
    "flake-parts_3": {
      "inputs": {
        "nixpkgs-lib": "nixpkgs-lib_2"
      },
      "locked": {
        "lastModified": 1698579227,
        "narHash": "sha256-KVWjFZky+gRuWennKsbo6cWyo7c/z/VgCte5pR9pEKg=",
        "owner": "hercules-ci",
        "repo": "flake-parts",
        "rev": "f76e870d64779109e41370848074ac4eaa1606ec",
        "type": "github"
      },
      "original": {
        "owner": "hercules-ci",
        "repo": "flake-parts",
        "type": "github"
      }
    },
    "flake-utils": {
      "inputs": {
        "systems": "systems_3"
      },
      "locked": {
        "lastModified": 1709126324,
        "narHash": "sha256-q6EQdSeUZOG26WelxqkmR7kArjgWCdw5sfJVHPH/7j8=",
        "owner": "numtide",
        "repo": "flake-utils",
        "rev": "d465f4819400de7c8d874d50b982301f28a84605",
        "type": "github"
      },
      "original": {
        "owner": "numtide",
        "repo": "flake-utils",
        "type": "github"
      }
    },
    "flake-utils_2": {
      "inputs": {
        "systems": "systems_4"
      },
      "locked": {
        "lastModified": 1701680307,
        "narHash": "sha256-kAuep2h5ajznlPMD9rnQyffWG8EM/C73lejGofXvdM8=",
        "owner": "numtide",
        "repo": "flake-utils",
        "rev": "4022d587cbbfd70fe950c1e2083a02621806a725",
        "type": "github"
      },
      "original": {
        "owner": "numtide",
        "repo": "flake-utils",
        "type": "github"
      }
    },
    "ghc-8.6.5-iohk": {
      "flake": false,
      "locked": {
        "lastModified": 1600920045,
        "narHash": "sha256-DO6kxJz248djebZLpSzTGD6s8WRpNI9BTwUeOf5RwY8=",
        "owner": "input-output-hk",
        "repo": "ghc",
        "rev": "95713a6ecce4551240da7c96b6176f980af75cae",
        "type": "github"
      },
      "original": {
        "owner": "input-output-hk",
        "ref": "release/8.6.5-iohk",
        "repo": "ghc",
        "type": "github"
      }
    },
    "ghc98X": {
      "flake": false,
      "locked": {
        "lastModified": 1715066704,
        "narHash": "sha256-F0EVR8x/fcpj1st+hz96Wdsz5uwVIOziGKAwRxLOYJw=",
        "ref": "ghc-9.8",
        "rev": "78a253543d466ac511a1664a3e6aff032ca684d5",
        "revCount": 61757,
        "submodules": true,
        "type": "git",
        "url": "https://gitlab.haskell.org/ghc/ghc"
      },
      "original": {
        "ref": "ghc-9.8",
        "submodules": true,
        "type": "git",
        "url": "https://gitlab.haskell.org/ghc/ghc"
      }
    },
    "ghc99": {
      "flake": false,
      "locked": {
        "lastModified": 1726585445,
        "narHash": "sha256-IdwQBex4boY6s0Plj5+ixf36rfYSUyMdTWrztKvZH30=",
        "ref": "refs/heads/master",
        "rev": "7fd9e5e29ab54eb406880077463e8552e2ddd39a",
        "revCount": 67238,
        "submodules": true,
        "type": "git",
        "url": "https://gitlab.haskell.org/ghc/ghc"
      },
      "original": {
        "submodules": true,
        "type": "git",
        "url": "https://gitlab.haskell.org/ghc/ghc"
      }
    },
    "gluon_language-server": {
      "inputs": {
        "crane": "crane",
        "fenix": "fenix_2",
        "flake-utils": "flake-utils",
        "nixpkgs": "nixpkgs_5"
      },
      "locked": {
        "lastModified": 1709721482,
        "narHash": "sha256-qrQ0rHVSQKAG7YDNpuiELtwg/C8PjyZmcma5YaP0AXc=",
        "owner": "pillowtrucker",
        "repo": "gluon_language-server",
        "rev": "a90260765428805e6cde621066405780fcd6cdbb",
        "type": "github"
      },
      "original": {
        "owner": "pillowtrucker",
        "ref": "nix",
        "repo": "gluon_language-server",
        "type": "github"
      }
    },
    "hackage": {
      "flake": false,
      "locked": {
        "lastModified": 1702513363,
        "narHash": "sha256-kloro9uEe8aYhPMoMjVNq2rfrXNgMOZhOPwVH5DH2K0=",
        "owner": "input-output-hk",
        "repo": "hackage.nix",
        "rev": "a9d931d0398da67846fa257922a924829233cb91",
        "type": "github"
      },
      "original": {
        "owner": "input-output-hk",
        "repo": "hackage.nix",
        "type": "github"
      }
    },
    "haskellNix": {
      "inputs": {
        "HTTP": "HTTP",
        "cabal-32": "cabal-32",
        "cabal-34": "cabal-34",
        "cabal-36": "cabal-36",
        "cardano-shell": "cardano-shell",
        "flake-compat": "flake-compat",
        "ghc-8.6.5-iohk": "ghc-8.6.5-iohk",
        "ghc98X": "ghc98X",
        "ghc99": "ghc99",
        "hackage": [
          "simplex-chat",
          "hackage"
        ],
        "hls-1.10": "hls-1.10",
        "hls-2.0": "hls-2.0",
        "hls-2.2": "hls-2.2",
        "hls-2.3": "hls-2.3",
        "hls-2.4": "hls-2.4",
        "hls-2.5": "hls-2.5",
        "hls-2.6": "hls-2.6",
        "hpc-coveralls": "hpc-coveralls",
        "hydra": "hydra",
        "iserv-proxy": "iserv-proxy",
        "nixpkgs": [
          "simplex-chat",
          "haskellNix",
          "nixpkgs-unstable"
        ],
        "nixpkgs-2003": "nixpkgs-2003",
        "nixpkgs-2105": "nixpkgs-2105",
        "nixpkgs-2111": "nixpkgs-2111",
        "nixpkgs-2205": "nixpkgs-2205",
        "nixpkgs-2211": "nixpkgs-2211",
        "nixpkgs-2305": "nixpkgs-2305",
        "nixpkgs-2311": "nixpkgs-2311",
        "nixpkgs-unstable": "nixpkgs-unstable",
        "old-ghc-nix": "old-ghc-nix",
        "stackage": "stackage"
      },
      "locked": {
        "lastModified": 1705833500,
        "narHash": "sha256-rUIr6JNbCedt1g4gVYVvE9t0oFU6FUspCA0DS5cA8Bg=",
        "owner": "input-output-hk",
        "repo": "haskell.nix",
        "rev": "d0c35e75cbbc6858770af42ac32b0b85495fbd71",
        "type": "github"
      },
      "original": {
        "owner": "input-output-hk",
        "ref": "armv7a",
        "repo": "haskell.nix",
        "type": "github"
      }
    },
    "hls-1.10": {
      "flake": false,
      "locked": {
        "lastModified": 1680000865,
        "narHash": "sha256-rc7iiUAcrHxwRM/s0ErEsSPxOR3u8t7DvFeWlMycWgo=",
        "owner": "haskell",
        "repo": "haskell-language-server",
        "rev": "b08691db779f7a35ff322b71e72a12f6e3376fd9",
        "type": "github"
      },
      "original": {
        "owner": "haskell",
        "ref": "1.10.0.0",
        "repo": "haskell-language-server",
        "type": "github"
      }
    },
    "hls-2.0": {
      "flake": false,
      "locked": {
        "lastModified": 1687698105,
        "narHash": "sha256-OHXlgRzs/kuJH8q7Sxh507H+0Rb8b7VOiPAjcY9sM1k=",
        "owner": "haskell",
        "repo": "haskell-language-server",
        "rev": "783905f211ac63edf982dd1889c671653327e441",
        "type": "github"
      },
      "original": {
        "owner": "haskell",
        "ref": "2.0.0.1",
        "repo": "haskell-language-server",
        "type": "github"
      }
    },
    "hls-2.2": {
      "flake": false,
      "locked": {
        "lastModified": 1693064058,
        "narHash": "sha256-8DGIyz5GjuCFmohY6Fa79hHA/p1iIqubfJUTGQElbNk=",
        "owner": "haskell",
        "repo": "haskell-language-server",
        "rev": "b30f4b6cf5822f3112c35d14a0cba51f3fe23b85",
        "type": "github"
      },
      "original": {
        "owner": "haskell",
        "ref": "2.2.0.0",
        "repo": "haskell-language-server",
        "type": "github"
      }
    },
    "hls-2.3": {
      "flake": false,
      "locked": {
        "lastModified": 1695910642,
        "narHash": "sha256-tR58doOs3DncFehHwCLczJgntyG/zlsSd7DgDgMPOkI=",
        "owner": "haskell",
        "repo": "haskell-language-server",
        "rev": "458ccdb55c9ea22cd5d13ec3051aaefb295321be",
        "type": "github"
      },
      "original": {
        "owner": "haskell",
        "ref": "2.3.0.0",
        "repo": "haskell-language-server",
        "type": "github"
      }
    },
    "hls-2.4": {
      "flake": false,
      "locked": {
        "lastModified": 1699862708,
        "narHash": "sha256-YHXSkdz53zd0fYGIYOgLt6HrA0eaRJi9mXVqDgmvrjk=",
        "owner": "haskell",
        "repo": "haskell-language-server",
        "rev": "54507ef7e85fa8e9d0eb9a669832a3287ffccd57",
        "type": "github"
      },
      "original": {
        "owner": "haskell",
        "ref": "2.4.0.1",
        "repo": "haskell-language-server",
        "type": "github"
      }
    },
    "hls-2.5": {
      "flake": false,
      "locked": {
        "lastModified": 1701080174,
        "narHash": "sha256-fyiR9TaHGJIIR0UmcCb73Xv9TJq3ht2ioxQ2mT7kVdc=",
        "owner": "haskell",
        "repo": "haskell-language-server",
        "rev": "27f8c3d3892e38edaef5bea3870161815c4d014c",
        "type": "github"
      },
      "original": {
        "owner": "haskell",
        "ref": "2.5.0.0",
        "repo": "haskell-language-server",
        "type": "github"
      }
    },
    "hls-2.6": {
      "flake": false,
      "locked": {
        "lastModified": 1705325287,
        "narHash": "sha256-+P87oLdlPyMw8Mgoul7HMWdEvWP/fNlo8jyNtwME8E8=",
        "owner": "haskell",
        "repo": "haskell-language-server",
        "rev": "6e0b342fa0327e628610f2711f8c3e4eaaa08b1e",
        "type": "github"
      },
      "original": {
        "owner": "haskell",
        "ref": "2.6.0.0",
        "repo": "haskell-language-server",
        "type": "github"
      }
    },
    "hnix": {
      "inputs": {
        "nix": "nix",
        "nixpkgs": "nixpkgs_6"
      },
      "locked": {
        "lastModified": 1708246316,
        "narHash": "sha256-KM1HgaF85+OCAw6r8JK7CfSpjQivPq+iVFnyAmRnI+s=",
        "owner": "haskell-nix",
        "repo": "hnix",
        "rev": "3f334d9b5a8b1044df850167b1b459e5649868f3",
        "type": "github"
      },
      "original": {
        "owner": "haskell-nix",
        "ref": "master",
        "repo": "hnix",
        "type": "github"
      }
    },
    "hpc-coveralls": {
      "flake": false,
      "locked": {
        "lastModified": 1607498076,
        "narHash": "sha256-8uqsEtivphgZWYeUo5RDUhp6bO9j2vaaProQxHBltQk=",
        "owner": "sevanspowell",
        "repo": "hpc-coveralls",
        "rev": "14df0f7d229f4cd2e79f8eabb1a740097fdfa430",
        "type": "github"
      },
      "original": {
        "owner": "sevanspowell",
        "repo": "hpc-coveralls",
        "type": "github"
      }
    },
    "hydra": {
      "inputs": {
        "nix": "nix_2",
        "nixpkgs": [
          "simplex-chat",
          "haskellNix",
          "hydra",
          "nix",
          "nixpkgs"
        ]
      },
      "locked": {
        "lastModified": 1671755331,
        "narHash": "sha256-hXsgJj0Cy0ZiCiYdW2OdBz5WmFyOMKuw4zyxKpgUKm4=",
        "owner": "NixOS",
        "repo": "hydra",
        "rev": "f48f00ee6d5727ae3e488cbf9ce157460853fea8",
        "type": "github"
      },
      "original": {
        "id": "hydra",
        "type": "indirect"
      }
    },
    "iserv-proxy": {
      "flake": false,
      "locked": {
        "lastModified": 1707968597,
        "narHash": "sha256-C53NqToxl+n9s1pQ0iLtiH6P5vX3rM+NW/mFt4Ykpsk=",
        "ref": "hkm/remote-iserv",
        "rev": "1b7f8aeb37bbc7c00f04e44d9379aa15a4409e8b",
        "revCount": 18,
        "type": "git",
        "url": "https://gitlab.haskell.org/hamishmack/iserv-proxy.git"
      },
      "original": {
        "ref": "hkm/remote-iserv",
        "type": "git",
        "url": "https://gitlab.haskell.org/hamishmack/iserv-proxy.git"
      }
    },
    "lowdown-src": {
      "flake": false,
      "locked": {
        "lastModified": 1633514407,
        "narHash": "sha256-Dw32tiMjdK9t3ETl5fzGrutQTzh2rufgZV4A/BbxuD4=",
        "owner": "kristapsdz",
        "repo": "lowdown",
        "rev": "d2c2b44ff6c27b936ec27358a2653caaef8f73b8",
        "type": "github"
      },
      "original": {
        "owner": "kristapsdz",
        "repo": "lowdown",
        "type": "github"
      }
    },
    "mac2ios": {
      "inputs": {
        "flake-parts": "flake-parts_3",
        "nixpkgs": "nixpkgs_11"
      },
      "locked": {
        "lastModified": 1699767871,
        "narHash": "sha256-kxeCUfwC/Vgh2FvVMlBUq0eVx1JvfHyN+5MPKUik9mE=",
        "owner": "zw3rk",
        "repo": "mobile-core-tools",
        "rev": "4dcb77d5ea896d749381806dfab5358851b08951",
        "type": "github"
      },
      "original": {
        "owner": "zw3rk",
        "repo": "mobile-core-tools",
        "type": "github"
      }
    },
    "nix": {
      "flake": false,
      "locked": {
        "lastModified": 1654014617,
        "narHash": "sha256-qNL3lQPBsnStkru3j1ajN/H+knXI+X3dku8/dBfSw3g=",
        "owner": "NixOS",
        "repo": "nix",
        "rev": "624e38aa43f304fbb78b4779172809add042b513",
        "type": "github"
      },
      "original": {
        "id": "nix",
        "rev": "624e38aa43f304fbb78b4779172809add042b513",
        "type": "indirect"
      }
    },
    "nix-gaming": {
      "inputs": {
        "flake-parts": "flake-parts",
        "nixpkgs": "nixpkgs_7"
      },
      "locked": {
        "lastModified": 1752832532,
        "narHash": "sha256-YvQ6sjTxS+cw+w8fhEL41vAC28q4sB0vT77uhzQ1eOA=",
        "owner": "fufexan",
        "repo": "nix-gaming",
        "rev": "4e113d7f833a78a54a35dfc5514a89e5e7c78d4f",
        "type": "github"
      },
      "original": {
        "owner": "fufexan",
        "ref": "master",
        "repo": "nix-gaming",
        "type": "github"
      }
    },
    "nix_2": {
      "inputs": {
        "lowdown-src": "lowdown-src",
        "nixpkgs": "nixpkgs_10",
        "nixpkgs-regression": "nixpkgs-regression"
      },
      "locked": {
        "lastModified": 1661606874,
        "narHash": "sha256-9+rpYzI+SmxJn+EbYxjGv68Ucp22bdFUSy/4LkHkkDQ=",
        "owner": "NixOS",
        "repo": "nix",
        "rev": "11e45768b34fdafdcf019ddbd337afa16127ff0f",
        "type": "github"
      },
      "original": {
        "owner": "NixOS",
        "ref": "2.11.0",
        "repo": "nix",
        "type": "github"
      }
    },
    "nixpkgs": {
      "locked": {
        "lastModified": 1721656657,
        "narHash": "sha256-fRbs1JkU14RLrpwYXlobkvum84BI0nRuizGdK8bxX+M=",
        "owner": "NixOS",
        "repo": "nixpkgs",
        "rev": "ffed10eba7a7ec86b5529aefcf143946fa3458e2",
        "type": "github"
      },
      "original": {
        "owner": "NixOS",
        "ref": "master",
        "repo": "nixpkgs",
        "type": "github"
      }
    },
    "nixpkgs-2003": {
      "locked": {
        "lastModified": 1620055814,
        "narHash": "sha256-8LEHoYSJiL901bTMVatq+rf8y7QtWuZhwwpKE2fyaRY=",
        "owner": "NixOS",
        "repo": "nixpkgs",
        "rev": "1db42b7fe3878f3f5f7a4f2dc210772fd080e205",
        "type": "github"
      },
      "original": {
        "owner": "NixOS",
        "ref": "nixpkgs-20.03-darwin",
        "repo": "nixpkgs",
        "type": "github"
      }
    },
    "nixpkgs-2105": {
      "locked": {
        "lastModified": 1659914493,
        "narHash": "sha256-lkA5X3VNMKirvA+SUzvEhfA7XquWLci+CGi505YFAIs=",
        "owner": "NixOS",
        "repo": "nixpkgs",
        "rev": "022caabb5f2265ad4006c1fa5b1ebe69fb0c3faf",
        "type": "github"
      },
      "original": {
        "owner": "NixOS",
        "ref": "nixpkgs-21.05-darwin",
        "repo": "nixpkgs",
        "type": "github"
      }
    },
    "nixpkgs-2111": {
      "locked": {
        "lastModified": 1659446231,
        "narHash": "sha256-hekabNdTdgR/iLsgce5TGWmfIDZ86qjPhxDg/8TlzhE=",
        "owner": "NixOS",
        "repo": "nixpkgs",
        "rev": "eabc38219184cc3e04a974fe31857d8e0eac098d",
        "type": "github"
      },
      "original": {
        "owner": "NixOS",
        "ref": "nixpkgs-21.11-darwin",
        "repo": "nixpkgs",
        "type": "github"
      }
    },
    "nixpkgs-2205": {
      "locked": {
        "lastModified": 1685573264,
        "narHash": "sha256-Zffu01pONhs/pqH07cjlF10NnMDLok8ix5Uk4rhOnZQ=",
        "owner": "NixOS",
        "repo": "nixpkgs",
        "rev": "380be19fbd2d9079f677978361792cb25e8a3635",
        "type": "github"
      },
      "original": {
        "owner": "NixOS",
        "ref": "nixpkgs-22.05-darwin",
        "repo": "nixpkgs",
        "type": "github"
      }
    },
    "nixpkgs-2211": {
      "locked": {
        "lastModified": 1688392541,
        "narHash": "sha256-lHrKvEkCPTUO+7tPfjIcb7Trk6k31rz18vkyqmkeJfY=",
        "owner": "NixOS",
        "repo": "nixpkgs",
        "rev": "ea4c80b39be4c09702b0cb3b42eab59e2ba4f24b",
        "type": "github"
      },
      "original": {
        "owner": "NixOS",
        "ref": "nixpkgs-22.11-darwin",
        "repo": "nixpkgs",
        "type": "github"
      }
    },
    "nixpkgs-2305": {
      "locked": {
        "lastModified": 1705033721,
        "narHash": "sha256-K5eJHmL1/kev6WuqyqqbS1cdNnSidIZ3jeqJ7GbrYnQ=",
        "owner": "NixOS",
        "repo": "nixpkgs",
        "rev": "a1982c92d8980a0114372973cbdfe0a307f1bdea",
        "type": "github"
      },
      "original": {
        "owner": "NixOS",
        "ref": "nixpkgs-23.05-darwin",
        "repo": "nixpkgs",
        "type": "github"
      }
    },
    "nixpkgs-2311": {
      "locked": {
        "lastModified": 1719957072,
        "narHash": "sha256-gvFhEf5nszouwLAkT9nWsDzocUTqLWHuL++dvNjMp9I=",
        "owner": "NixOS",
        "repo": "nixpkgs",
        "rev": "7144d6241f02d171d25fba3edeaf15e0f2592105",
        "type": "github"
      },
      "original": {
        "owner": "NixOS",
        "ref": "nixpkgs-23.11-darwin",
        "repo": "nixpkgs",
        "type": "github"
      }
    },
    "nixpkgs-lib": {
      "locked": {
        "lastModified": 1751159883,
        "narHash": "sha256-urW/Ylk9FIfvXfliA1ywh75yszAbiTEVgpPeinFyVZo=",
        "owner": "nix-community",
        "repo": "nixpkgs.lib",
        "rev": "14a40a1d7fb9afa4739275ac642ed7301a9ba1ab",
        "type": "github"
      },
      "original": {
        "owner": "nix-community",
        "repo": "nixpkgs.lib",
        "type": "github"
      }
    },
    "nixpkgs-lib_2": {
      "locked": {
        "dir": "lib",
        "lastModified": 1696019113,
        "narHash": "sha256-X3+DKYWJm93DRSdC5M6K5hLqzSya9BjibtBsuARoPco=",
        "owner": "NixOS",
        "repo": "nixpkgs",
        "rev": "f5892ddac112a1e9b3612c39af1b72987ee5783a",
        "type": "github"
      },
      "original": {
        "dir": "lib",
        "owner": "NixOS",
        "ref": "nixos-unstable",
        "repo": "nixpkgs",
        "type": "github"
      }
    },
    "nixpkgs-regression": {
      "locked": {
        "lastModified": 1643052045,
        "narHash": "sha256-uGJ0VXIhWKGXxkeNnq4TvV3CIOkUJ3PAoLZ3HMzNVMw=",
        "owner": "NixOS",
        "repo": "nixpkgs",
        "rev": "215d4d0fd80ca5163643b03a33fde804a29cc1e2",
        "type": "github"
      },
      "original": {
        "owner": "NixOS",
        "repo": "nixpkgs",
        "rev": "215d4d0fd80ca5163643b03a33fde804a29cc1e2",
        "type": "github"
      }
    },
    "nixpkgs-stable": {
      "locked": {
        "lastModified": 1751274312,
        "narHash": "sha256-/bVBlRpECLVzjV19t5KMdMFWSwKLtb5RyXdjz3LJT+g=",
        "owner": "NixOS",
        "repo": "nixpkgs",
        "rev": "50ab793786d9de88ee30ec4e4c24fb4236fc2674",
        "type": "github"
      },
      "original": {
        "owner": "NixOS",
        "ref": "nixos-24.11",
        "repo": "nixpkgs",
        "type": "github"
      }
    },
    "nixpkgs-unstable": {
      "locked": {
        "lastModified": 1694822471,
        "narHash": "sha256-6fSDCj++lZVMZlyqOe9SIOL8tYSBz1bI8acwovRwoX8=",
        "owner": "NixOS",
        "repo": "nixpkgs",
        "rev": "47585496bcb13fb72e4a90daeea2f434e2501998",
        "type": "github"
      },
      "original": {
        "owner": "NixOS",
        "repo": "nixpkgs",
        "rev": "47585496bcb13fb72e4a90daeea2f434e2501998",
        "type": "github"
      }
    },
    "nixpkgs_10": {
      "locked": {
        "lastModified": 1657693803,
        "narHash": "sha256-G++2CJ9u0E7NNTAi9n5G8TdDmGJXcIjkJ3NF8cetQB8=",
        "owner": "NixOS",
        "repo": "nixpkgs",
        "rev": "365e1b3a859281cf11b94f87231adeabbdd878a2",
        "type": "github"
      },
      "original": {
        "owner": "NixOS",
        "ref": "nixos-22.05-small",
        "repo": "nixpkgs",
        "type": "github"
      }
    },
    "nixpkgs_11": {
      "locked": {
        "lastModified": 1698434055,
        "narHash": "sha256-Phxi5mUKSoL7A0IYUiYtkI9e8NcGaaV5PJEaJApU1Ko=",
        "owner": "NixOS",
        "repo": "nixpkgs",
        "rev": "1a3c95e3b23b3cdb26750621c08cc2f1560cb883",
        "type": "github"
      },
      "original": {
        "owner": "NixOS",
        "ref": "nixos-23.05",
        "repo": "nixpkgs",
        "type": "github"
      }
    },
    "nixpkgs_2": {
      "locked": {
        "lastModified": 1749246406,
        "narHash": "sha256-GAhxA9lyNdj9WOZoHAdwlhL0PbhLAqXHb6a5ssW2Uno=",
        "owner": "NixOS",
        "repo": "nixpkgs",
        "rev": "857c23b52dbcefc4a51f5fa764b215762d4bf9de",
        "type": "github"
      },
      "original": {
        "owner": "NixOS",
        "ref": "master",
        "repo": "nixpkgs",
        "type": "github"
      }
    },
    "nixpkgs_3": {
      "locked": {
        "lastModified": 1752687322,
        "narHash": "sha256-RKwfXA4OZROjBTQAl9WOZQFm7L8Bo93FQwSJpAiSRvo=",
        "owner": "NixOS",
        "repo": "nixpkgs",
        "rev": "6e987485eb2c77e5dcc5af4e3c70843711ef9251",
        "type": "github"
      },
      "original": {
        "owner": "NixOS",
        "ref": "nixos-unstable",
        "repo": "nixpkgs",
        "type": "github"
      }
    },
    "nixpkgs_4": {
      "locked": {
        "lastModified": 1752687322,
        "narHash": "sha256-RKwfXA4OZROjBTQAl9WOZQFm7L8Bo93FQwSJpAiSRvo=",
        "owner": "nixos",
        "repo": "nixpkgs",
        "rev": "6e987485eb2c77e5dcc5af4e3c70843711ef9251",
        "type": "github"
      },
      "original": {
        "owner": "nixos",
        "ref": "nixos-unstable",
        "repo": "nixpkgs",
        "type": "github"
      }
    },
    "nixpkgs_5": {
      "locked": {
        "lastModified": 1709479366,
        "narHash": "sha256-n6F0n8UV6lnTZbYPl1A9q1BS0p4hduAv1mGAP17CVd0=",
        "owner": "NixOS",
        "repo": "nixpkgs",
        "rev": "b8697e57f10292a6165a20f03d2f42920dfaf973",
        "type": "github"
      },
      "original": {
        "id": "nixpkgs",
        "ref": "nixos-unstable",
        "type": "indirect"
      }
    },
    "nixpkgs_6": {
      "locked": {
        "lastModified": 1700204040,
        "narHash": "sha256-xSVcS5HBYnD3LTer7Y2K8ZQCDCXMa3QUD1MzRjHzuhI=",
        "owner": "NixOS",
        "repo": "nixpkgs",
        "rev": "c757e9bd77b16ca2e03c89bf8bc9ecb28e0c06ad",
        "type": "github"
      },
      "original": {
        "id": "nixpkgs",
        "rev": "c757e9bd77b16ca2e03c89bf8bc9ecb28e0c06ad",
        "type": "indirect"
      }
    },
    "nixpkgs_7": {
      "locked": {
        "lastModified": 1752012998,
        "narHash": "sha256-Q82Ms+FQmgOBkdoSVm+FBpuFoeUAffNerR5yVV7SgT8=",
        "owner": "NixOS",
        "repo": "nixpkgs",
        "rev": "2a2130494ad647f953593c4e84ea4df839fbd68c",
        "type": "github"
      },
      "original": {
        "owner": "NixOS",
        "ref": "nixpkgs-unstable",
        "repo": "nixpkgs",
        "type": "github"
      }
    },
    "nixpkgs_8": {
      "locked": {
        "lastModified": 1752863710,
        "narHash": "sha256-oBBZ9YMS1kgmnNbAKseJ5qHiydf+gNrieyi3VQ0+c/k=",
        "owner": "nixos",
        "repo": "nixpkgs",
        "rev": "8a7d644c83e93ef8b279c5652f44b47dc4a1865f",
        "type": "github"
      },
      "original": {
        "owner": "nixos",
        "ref": "master",
        "repo": "nixpkgs",
        "type": "github"
      }
    },
    "nixpkgs_9": {
      "locked": {
        "lastModified": 1752687322,
        "narHash": "sha256-RKwfXA4OZROjBTQAl9WOZQFm7L8Bo93FQwSJpAiSRvo=",
        "owner": "nixos",
        "repo": "nixpkgs",
        "rev": "6e987485eb2c77e5dcc5af4e3c70843711ef9251",
        "type": "github"
      },
      "original": {
        "owner": "nixos",
        "ref": "nixos-unstable",
        "repo": "nixpkgs",
        "type": "github"
      }
    },
    "nur": {
      "inputs": {
        "flake-parts": "flake-parts_2",
        "nixpkgs": "nixpkgs_9"
      },
      "locked": {
        "lastModified": 1752857527,
        "narHash": "sha256-M5/WooUjn1pOpixt9vEFc9AsCo+3Zi7wUNWl3VBJTRg=",
        "owner": "nix-community",
        "repo": "NUR",
        "rev": "fa509d10e459de7c36829cc2850d1df61c7e2e96",
        "type": "github"
      },
      "original": {
        "owner": "nix-community",
        "repo": "NUR",
        "type": "github"
      }
    },
    "old-ghc-nix": {
      "flake": false,
      "locked": {
        "lastModified": 1631092763,
        "narHash": "sha256-sIKgO+z7tj4lw3u6oBZxqIhDrzSkvpHtv0Kki+lh9Fg=",
        "owner": "angerman",
        "repo": "old-ghc-nix",
        "rev": "af48a7a7353e418119b6dfe3cd1463a657f342b8",
        "type": "github"
      },
      "original": {
        "owner": "angerman",
        "ref": "master",
        "repo": "old-ghc-nix",
        "type": "github"
      }
    },
    "root": {
      "inputs": {
        "crow-translate": "crow-translate",
        "emacs-overlay": "emacs-overlay",
        "fenix": "fenix",
        "gluon_language-server": "gluon_language-server",
        "hnix": "hnix",
        "nix-gaming": "nix-gaming",
        "nixpkgs": "nixpkgs_8",
        "nur": "nur",
        "simplex-chat": "simplex-chat"
      }
    },
    "rust-analyzer-src": {
      "flake": false,
      "locked": {
        "lastModified": 1752743757,
        "narHash": "sha256-bsiX5DRwYMsaiBykptwJac36AlWTh5ZaHUPHYf6XiPY=",
        "owner": "rust-lang",
        "repo": "rust-analyzer",
        "rev": "f73ce3c8a897be1ae5cf77332288e331824435e5",
        "type": "github"
      },
      "original": {
        "owner": "rust-lang",
        "ref": "nightly",
        "repo": "rust-analyzer",
        "type": "github"
      }
    },
    "rust-analyzer-src_2": {
      "flake": false,
      "locked": {
        "lastModified": 1709671826,
        "narHash": "sha256-Ici6z+lmXIxcBPWTCD+YI2qJCdgpiKlOWmo92F6rOFk=",
        "owner": "rust-lang",
        "repo": "rust-analyzer",
        "rev": "767d5d3eab237a1fbc10d62b120020b12f6026c5",
        "type": "github"
      },
      "original": {
        "owner": "rust-lang",
        "ref": "nightly",
        "repo": "rust-analyzer",
        "type": "github"
      }
    },
    "simplex-chat": {
      "inputs": {
        "flake-utils": "flake-utils_2",
        "hackage": "hackage",
        "haskellNix": "haskellNix",
        "mac2ios": "mac2ios",
        "nixpkgs": [
          "simplex-chat",
          "haskellNix",
          "nixpkgs-2305"
        ]
      },
      "locked": {
        "lastModified": 1752662513,
        "narHash": "sha256-qzHxhblKIv2pwVPDAYmF/343N0egKbHa0DChNpTfAeg=",
        "owner": "simplex-chat",
        "repo": "simplex-chat",
        "rev": "88538c7b072dd5dbf166399719df5d9806e0e39b",
        "type": "github"
      },
      "original": {
        "owner": "simplex-chat",
        "ref": "stable",
        "repo": "simplex-chat",
        "type": "github"
      }
    },
    "stackage": {
      "flake": false,
      "locked": {
        "lastModified": 1726532152,
        "narHash": "sha256-LRXbVY3M2S8uQWdwd2zZrsnVPEvt2GxaHGoy8EFFdJA=",
        "owner": "input-output-hk",
        "repo": "stackage.nix",
        "rev": "c77b3530cebad603812cb111c6f64968c2d2337d",
        "type": "github"
      },
      "original": {
        "owner": "input-output-hk",
        "repo": "stackage.nix",
        "type": "github"
      }
    },
    "systems": {
      "locked": {
        "lastModified": 1681028828,
        "narHash": "sha256-Vy1rq5AaRuLzOxct8nz4T6wlgyUR7zLU309k9mBC768=",
        "owner": "nix-systems",
        "repo": "default",
        "rev": "da67096a3b9bf56a91d16901293e51ba5b49a27e",
        "type": "github"
      },
      "original": {
        "owner": "nix-systems",
        "repo": "default",
        "type": "github"
      }
    },
    "systems_2": {
      "locked": {
        "lastModified": 1681028828,
        "narHash": "sha256-Vy1rq5AaRuLzOxct8nz4T6wlgyUR7zLU309k9mBC768=",
        "owner": "nix-systems",
        "repo": "default",
        "rev": "da67096a3b9bf56a91d16901293e51ba5b49a27e",
        "type": "github"
      },
      "original": {
        "owner": "nix-systems",
        "repo": "default",
        "type": "github"
      }
    },
    "systems_3": {
      "locked": {
        "lastModified": 1681028828,
        "narHash": "sha256-Vy1rq5AaRuLzOxct8nz4T6wlgyUR7zLU309k9mBC768=",
        "owner": "nix-systems",
        "repo": "default",
        "rev": "da67096a3b9bf56a91d16901293e51ba5b49a27e",
        "type": "github"
      },
      "original": {
        "owner": "nix-systems",
        "repo": "default",
        "type": "github"
      }
    },
    "systems_4": {
      "locked": {
        "lastModified": 1681028828,
        "narHash": "sha256-Vy1rq5AaRuLzOxct8nz4T6wlgyUR7zLU309k9mBC768=",
        "owner": "nix-systems",
        "repo": "default",
        "rev": "da67096a3b9bf56a91d16901293e51ba5b49a27e",
        "type": "github"
      },
      "original": {
        "owner": "nix-systems",
        "repo": "default",
        "type": "github"
      }
    },
    "utils": {
      "inputs": {
        "systems": "systems"
      },
      "locked": {
        "lastModified": 1710146030,
        "narHash": "sha256-SZ5L6eA7HJ/nmkzGG7/ISclqe6oZdOZTNoesiInkXPQ=",
        "owner": "numtide",
        "repo": "flake-utils",
        "rev": "b1d9ab70662946ef0850d488da1c9019f3a9752a",
        "type": "github"
      },
      "original": {
        "owner": "numtide",
        "repo": "flake-utils",
        "type": "github"
      }
    },
    "utils_2": {
      "inputs": {
        "systems": "systems_2"
      },
      "locked": {
        "lastModified": 1731533236,
        "narHash": "sha256-l0KFg5HjrsfsO/JpG+r7fRrqm12kzFHyUHqHCVpMMbI=",
        "owner": "numtide",
        "repo": "flake-utils",
        "rev": "11707dc2f618dd54ca8739b309ec4fc024de578b",
        "type": "github"
      },
      "original": {
        "owner": "numtide",
        "repo": "flake-utils",
        "type": "github"
      }
    }
  },
  "root": "root",
  "version": 7
}
